
Microsoft Visual Studio Solution File, Format Version 12.00
# Visual Studio Version 17
VisualStudioVersion = 17.1.32421.90
MinimumVisualStudioVersion = 10.0.40219.1
Project("{FAE04EC0-301F-11D3-BF4B-00C04F79EFBC}") = "MaxiTorneo", "ClassLibrary\MaxiTorneo.csproj", "{F98C5F37-58CC-497F-9EB5-773C5D8743D0}"
EndProject
Project("{FAE04EC0-301F-11D3-BF4B-00C04F79EFBC}") = "MaxiTorneoUI", "MaxiTorneoUI\MaxiTorneoUI.csproj", "{54C6B4FC-608B-416E-A161-B1ADAEA01DED}"
EndProject
Global
	GlobalSection(SolutionConfigurationPlatforms) = preSolution
		Debug|Any CPU = Debug|Any CPU
		Release|Any CPU = Release|Any CPU
	EndGlobalSection
	GlobalSection(ProjectConfigurationPlatforms) = postSolution
		{F98C5F37-58CC-497F-9EB5-773C5D8743D0}.Debug|Any CPU.ActiveCfg = Debug|Any CPU
		{F98C5F37-58CC-497F-9EB5-773C5D8743D0}.Debug|Any CPU.Build.0 = Debug|Any CPU
		{F98C5F37-58CC-497F-9EB5-773C5D8743D0}.Release|Any CPU.ActiveCfg = Release|Any CPU
		{F98C5F37-58CC-497F-9EB5-773C5D8743D0}.Release|Any CPU.Build.0 = Release|Any CPU
		{54C6B4FC-608B-416E-A161-B1ADAEA01DED}.Debug|Any CPU.ActiveCfg = Debug|Any CPU
		{54C6B4FC-608B-416E-A161-B1ADAEA01DED}.Debug|Any CPU.Build.0 = Debug|Any CPU
		{54C6B4FC-608B-416E-A161-B1ADAEA01DED}.Release|Any CPU.ActiveCfg = Release|Any CPU
		{54C6B4FC-608B-416E-A161-B1ADAEA01DED}.Release|Any CPU.Build.0 = Release|Any CPU
	EndGlobalSection
	GlobalSection(SolutionProperties) = preSolution
		HideSolutionNode = FALSE
	EndGlobalSection
	GlobalSection(ExtensibilityGlobals) = postSolution
		SolutionGuid = {497BD4B4-1D56-4D0A-A60A-099E71C0A48B}
	EndGlobalSection
EndGlobal
